
Microsoft Visual Studio Solution File, Format Version 12.00
# Visual Studio Version 17
VisualStudioVersion = 17.14.36109.1
MinimumVisualStudioVersion = 10.0.40219.1
Project("{FAE04EC0-301F-11D3-BF4B-00C04F79EFBC}") = "Variaveis", "Variaveis\Variaveis.csproj", "{C0C8A82D-3234-4218-8C06-F08C335A4D40}"
EndProject
Project("{FAE04EC0-301F-11D3-BF4B-00C04F79EFBC}") = "ConvertendoValores", "ConvertendoValores\ConvertendoValores.csproj", "{BCC9C027-CD39-4D41-8A06-F6D7F1814825}"
EndProject
Project("{FAE04EC0-301F-11D3-BF4B-00C04F79EFBC}") = "Atividade-01", "Atividade-01\Atividade-01.csproj", "{39C58616-65B2-4D6F-BA5B-2190C8CED70F}"
EndProject
Project("{FAE04EC0-301F-11D3-BF4B-00C04F79EFBC}") = "OperadoresAritmeticos", "OperadoresAritmeticos\OperadoresAritmeticos.csproj", "{FCCAECCB-6BC2-4B90-A099-A81101AECFCC}"
EndProject
Project("{FAE04EC0-301F-11D3-BF4B-00C04F79EFBC}") = "AtividadeOperadores", "AtividadeOperadores\AtividadeOperadores.csproj", "{9F658029-36FC-4510-AB85-388EE2105A06}"
EndProject
Global
	GlobalSection(SolutionConfigurationPlatforms) = preSolution
		Debug|Any CPU = Debug|Any CPU
		Release|Any CPU = Release|Any CPU
	EndGlobalSection
	GlobalSection(ProjectConfigurationPlatforms) = postSolution
		{C0C8A82D-3234-4218-8C06-F08C335A4D40}.Debug|Any CPU.ActiveCfg = Debug|Any CPU
		{C0C8A82D-3234-4218-8C06-F08C335A4D40}.Debug|Any CPU.Build.0 = Debug|Any CPU
		{C0C8A82D-3234-4218-8C06-F08C335A4D40}.Release|Any CPU.ActiveCfg = Release|Any CPU
		{C0C8A82D-3234-4218-8C06-F08C335A4D40}.Release|Any CPU.Build.0 = Release|Any CPU
		{BCC9C027-CD39-4D41-8A06-F6D7F1814825}.Debug|Any CPU.ActiveCfg = Debug|Any CPU
		{BCC9C027-CD39-4D41-8A06-F6D7F1814825}.Debug|Any CPU.Build.0 = Debug|Any CPU
		{BCC9C027-CD39-4D41-8A06-F6D7F1814825}.Release|Any CPU.ActiveCfg = Release|Any CPU
		{BCC9C027-CD39-4D41-8A06-F6D7F1814825}.Release|Any CPU.Build.0 = Release|Any CPU
		{39C58616-65B2-4D6F-BA5B-2190C8CED70F}.Debug|Any CPU.ActiveCfg = Debug|Any CPU
		{39C58616-65B2-4D6F-BA5B-2190C8CED70F}.Debug|Any CPU.Build.0 = Debug|Any CPU
		{39C58616-65B2-4D6F-BA5B-2190C8CED70F}.Release|Any CPU.ActiveCfg = Release|Any CPU
		{39C58616-65B2-4D6F-BA5B-2190C8CED70F}.Release|Any CPU.Build.0 = Release|Any CPU
		{FCCAECCB-6BC2-4B90-A099-A81101AECFCC}.Debug|Any CPU.ActiveCfg = Debug|Any CPU
		{FCCAECCB-6BC2-4B90-A099-A81101AECFCC}.Debug|Any CPU.Build.0 = Debug|Any CPU
		{FCCAECCB-6BC2-4B90-A099-A81101AECFCC}.Release|Any CPU.ActiveCfg = Release|Any CPU
		{FCCAECCB-6BC2-4B90-A099-A81101AECFCC}.Release|Any CPU.Build.0 = Release|Any CPU
		{9F658029-36FC-4510-AB85-388EE2105A06}.Debug|Any CPU.ActiveCfg = Debug|Any CPU
		{9F658029-36FC-4510-AB85-388EE2105A06}.Debug|Any CPU.Build.0 = Debug|Any CPU
		{9F658029-36FC-4510-AB85-388EE2105A06}.Release|Any CPU.ActiveCfg = Release|Any CPU
		{9F658029-36FC-4510-AB85-388EE2105A06}.Release|Any CPU.Build.0 = Release|Any CPU
	EndGlobalSection
	GlobalSection(SolutionProperties) = preSolution
		HideSolutionNode = FALSE
	EndGlobalSection
	GlobalSection(ExtensibilityGlobals) = postSolution
		SolutionGuid = {3287A3A6-051B-43E1-A7BD-4CDB18BCED6A}
	EndGlobalSection
EndGlobal
